Microsoft Visual Studio Solution File, Format Version 12.00
# Visual Studio Version 17
VisualStudioVersion = 17.0.31903.59
MinimumVisualStudioVersion = 10.0.40219.1
Project("{FAE04EC0-301F-11D3-BF4B-00C04F79EFBC}") = "AvaloniaUI", "AvaloniaUI\AvaloniaUI.csproj", "{354681CE-EFCD-4BD9-9C05-AD42BA4A4F25}"
EndProject
Project("{FAE04EC0-301F-11D3-BF4B-00C04F79EFBC}") = "Logic", "Logic\Logic.csproj", "{79463078-88FA-4022-8F75-E7C2ECD2932B}"
EndProject
Global
	GlobalSection(SolutionConfigurationPlatforms) = preSolution
		Debug|Any CPU = Debug|Any CPU
		Debug|x64 = Debug|x64
		Debug|x86 = Debug|x86
		Release|Any CPU = Release|Any CPU
		Release|x64 = Release|x64
		Release|x86 = Release|x86
	EndGlobalSection
	GlobalSection(ProjectConfigurationPlatforms) = postSolution
		{354681CE-EFCD-4BD9-9C05-AD42BA4A4F25}.Debug|Any CPU.ActiveCfg = Debug|Any CPU
		{354681CE-EFCD-4BD9-9C05-AD42BA4A4F25}.Debug|Any CPU.Build.0 = Debug|Any CPU
		{354681CE-EFCD-4BD9-9C05-AD42BA4A4F25}.Debug|x64.ActiveCfg = Debug|Any CPU
		{354681CE-EFCD-4BD9-9C05-AD42BA4A4F25}.Debug|x64.Build.0 = Debug|Any CPU
		{354681CE-EFCD-4BD9-9C05-AD42BA4A4F25}.Debug|x86.ActiveCfg = Debug|Any CPU
		{354681CE-EFCD-4BD9-9C05-AD42BA4A4F25}.Debug|x86.Build.0 = Debug|Any CPU
		{354681CE-EFCD-4BD9-9C05-AD42BA4A4F25}.Release|Any CPU.ActiveCfg = Release|Any CPU
		{354681CE-EFCD-4BD9-9C05-AD42BA4A4F25}.Release|Any CPU.Build.0 = Release|Any CPU
		{354681CE-EFCD-4BD9-9C05-AD42BA4A4F25}.Release|x64.ActiveCfg = Release|Any CPU
		{354681CE-EFCD-4BD9-9C05-AD42BA4A4F25}.Release|x64.Build.0 = Release|Any CPU
		{354681CE-EFCD-4BD9-9C05-AD42BA4A4F25}.Release|x86.ActiveCfg = Release|Any CPU
		{354681CE-EFCD-4BD9-9C05-AD42BA4A4F25}.Release|x86.Build.0 = Release|Any CPU
		{79463078-88FA-4022-8F75-E7C2ECD2932B}.Debug|Any CPU.ActiveCfg = Debug|Any CPU
		{79463078-88FA-4022-8F75-E7C2ECD2932B}.Debug|Any CPU.Build.0 = Debug|Any CPU
		{79463078-88FA-4022-8F75-E7C2ECD2932B}.Debug|x64.ActiveCfg = Debug|Any CPU
		{79463078-88FA-4022-8F75-E7C2ECD2932B}.Debug|x64.Build.0 = Debug|Any CPU
		{79463078-88FA-4022-8F75-E7C2ECD2932B}.Debug|x86.ActiveCfg = Debug|Any CPU
		{79463078-88FA-4022-8F75-E7C2ECD2932B}.Debug|x86.Build.0 = Debug|Any CPU
		{79463078-88FA-4022-8F75-E7C2ECD2932B}.Release|Any CPU.ActiveCfg = Release|Any CPU
		{79463078-88FA-4022-8F75-E7C2ECD2932B}.Release|Any CPU.Build.0 = Release|Any CPU
		{79463078-88FA-4022-8F75-E7C2ECD2932B}.Release|x64.ActiveCfg = Release|Any CPU
		{79463078-88FA-4022-8F75-E7C2ECD2932B}.Release|x64.Build.0 = Release|Any CPU
		{79463078-88FA-4022-8F75-E7C2ECD2932B}.Release|x86.ActiveCfg = Release|Any CPU
		{79463078-88FA-4022-8F75-E7C2ECD2932B}.Release|x86.Build.0 = Release|Any CPU
		{1886A1D9-073E-48C6-BA86-131719730E35}.Debug|Any CPU.ActiveCfg = Debug|Any CPU
		{1886A1D9-073E-48C6-BA86-131719730E35}.Debug|Any CPU.Build.0 = Debug|Any CPU
		{1886A1D9-073E-48C6-BA86-131719730E35}.Debug|x64.ActiveCfg = Debug|Any CPU
		{1886A1D9-073E-48C6-BA86-131719730E35}.Debug|x64.Build.0 = Debug|Any CPU
		{1886A1D9-073E-48C6-BA86-131719730E35}.Debug|x86.ActiveCfg = Debug|Any CPU
		{1886A1D9-073E-48C6-BA86-131719730E35}.Debug|x86.Build.0 = Debug|Any CPU
		{1886A1D9-073E-48C6-BA86-131719730E35}.Release|Any CPU.ActiveCfg = Release|Any CPU
		{1886A1D9-073E-48C6-BA86-131719730E35}.Release|Any CPU.Build.0 = Release|Any CPU
		{1886A1D9-073E-48C6-BA86-131719730E35}.Release|x64.ActiveCfg = Release|Any CPU
		{1886A1D9-073E-48C6-BA86-131719730E35}.Release|x64.Build.0 = Release|Any CPU
		{1886A1D9-073E-48C6-BA86-131719730E35}.Release|x86.ActiveCfg = Release|Any CPU
		{1886A1D9-073E-48C6-BA86-131719730E35}.Release|x86.Build.0 = Release|Any CPU
	EndGlobalSection
	GlobalSection(SolutionProperties) = preSolution
		HideSolutionNode = FALSE
	EndGlobalSection
EndGlobal
